# This file is automatically @generated by Cargo.
# It is not intended for manual editing.
[[package]]
name = "chinese-to-pinyin"
version = "0.1.0"
dependencies = [
 "pinyin",
]

[[package]]
name = "pinyin"
version = "0.8.0"
source = "registry+https://github.com/rust-lang/crates.io-index"
checksum = "ecb768967f0ce98f14251b304146d9f468796f5f48df2c360ad23896801c3a59"
